// !$*UTF8*$!
{
	archiveVersion = 1;
	classes = {
	};
	objectVersion = 77;
	objects = {

/* Begin PBXBuildFile section */
		D95ACB082EF88F680091AED3 /* imgclean in CopyFiles */ = {isa = PBXBuildFile; fileRef = D95ACAE82EF88F580091AED3 /* imgclean */; settings = {ATTRIBUTES = (CodeSignOnCopy, ); }; };
/* End PBXBuildFile section */

/* Begin PBXContainerItemProxy section */
		D95ACA462EF8758F0091AED3 /* PBXContainerItemProxy */ = {
			isa = PBXContainerItemProxy;
			containerPortal = D95ACA2E2EF8758E0091AED3 /* Project object */;
			proxyType = 1;
			remoteGlobalIDString = D95ACA352EF8758E0091AED3;
			remoteInfo = TextCleaner;
		};
		D95ACA502EF8758F0091AED3 /* PBXContainerItemProxy */ = {
			isa = PBXContainerItemProxy;
			containerPortal = D95ACA2E2EF8758E0091AED3 /* Project object */;
			proxyType = 1;
			remoteGlobalIDString = D95ACA352EF8758E0091AED3;
			remoteInfo = TextCleaner;
		};
/* End PBXContainerItemProxy section */

/* Begin PBXCopyFilesBuildPhase section */
		D95ACAB02EF88EFC0091AED3 /* CopyFiles */ = {
			isa = PBXCopyFilesBuildPhase;
			buildActionMask = 2147483647;
			dstPath = "";
			dstSubfolderSpec = 6;
			files = (
				D95ACB082EF88F680091AED3 /* imgclean in CopyFiles */,
			);
			runOnlyForDeploymentPostprocessing = 0;
		};
/* End PBXCopyFilesBuildPhase section */

/* Begin PBXFileReference section */
		D95ACA362EF8758E0091AED3 /* TextCleaner.app */ = {isa = PBXFileReference; explicitFileType = wrapper.application; includeInIndex = 0; path = TextCleaner.app; sourceTree = BUILT_PRODUCTS_DIR; };
		D95ACA452EF8758F0091AED3 /* TextCleanerTests.xctest */ = {isa = PBXFileReference; explicitFileType = wrapper.cfbundle; includeInIndex = 0; path = TextCleanerTests.xctest; sourceTree = BUILT_PRODUCTS_DIR; };
		D95ACA4F2EF8758F0091AED3 /* TextCleanerUITests.xctest */ = {isa = PBXFileReference; explicitFileType = wrapper.cfbundle; includeInIndex = 0; path = TextCleanerUITests.xctest; sourceTree = BUILT_PRODUCTS_DIR; };
		D95ACAB12EF88F580091AED3 /* tests.yml */ = {isa = PBXFileReference; lastKnownFileType = text.yaml; path = tests.yml; sourceTree = "<group>"; };
		D95ACAB42EF88F580091AED3 /* integer_sets.pdf */ = {isa = PBXFileReference; lastKnownFileType = image.pdf; path = integer_sets.pdf; sourceTree = "<group>"; };
		D95ACAB62EF88F580091AED3 /* literature.bib */ = {isa = PBXFileReference; lastKnownFileType = text; path = literature.bib; sourceTree = "<group>"; };
		D95ACAB72EF88F580091AED3 /* paper.pdf */ = {isa = PBXFileReference; lastKnownFileType = image.pdf; path = paper.pdf; sourceTree = "<group>"; };
		D95ACAB82EF88F580091AED3 /* paper.tex */ = {isa = PBXFileReference; lastKnownFileType = text; path = paper.tex; sourceTree = "<group>"; };
		D95ACABB2EF88F580091AED3 /* a.out */ = {isa = PBXFileReference; lastKnownFileType = "compiled.mach-o.executable"; path = a.out; sourceTree = "<group>"; };
		D95ACABC2EF88F580091AED3 /* apple-sdk.c */ = {isa = PBXFileReference; lastKnownFileType = sourcecode.c.c; path = "apple-sdk.c"; sourceTree = "<group>"; };
		D95ACABD2EF88F580091AED3 /* CMakeCCompilerId.c */ = {isa = PBXFileReference; lastKnownFileType = sourcecode.c.c; path = CMakeCCompilerId.c; sourceTree = "<group>"; };
		D95ACAC02EF88F580091AED3 /* a.out */ = {isa = PBXFileReference; lastKnownFileType = "compiled.mach-o.executable"; path = a.out; sourceTree = "<group>"; };
		D95ACAC12EF88F580091AED3 /* CMakeCXXCompilerId.cpp */ = {isa = PBXFileReference; lastKnownFileType = sourcecode.cpp.cpp; path = CMakeCXXCompilerId.cpp; sourceTree = "<group>"; };
		D95ACAC32EF88F580091AED3 /* CMakeCCompiler.cmake */ = {isa = PBXFileReference; lastKnownFileType = text; path = CMakeCCompiler.cmake; sourceTree = "<group>"; };
		D95ACAC42EF88F580091AED3 /* CMakeCXXCompiler.cmake */ = {isa = PBXFileReference; lastKnownFileType = text; path = CMakeCXXCompiler.cmake; sourceTree = "<group>"; };
		D95ACAC52EF88F580091AED3 /* CMakeDetermineCompilerABI_C.bin */ = {isa = PBXFileReference; lastKnownFileType = archive.macbinary; path = CMakeDetermineCompilerABI_C.bin; sourceTree = "<group>"; };
		D95ACAC62EF88F580091AED3 /* CMakeDetermineCompilerABI_CXX.bin */ = {isa = PBXFileReference; lastKnownFileType = archive.macbinary; path = CMakeDetermineCompilerABI_CXX.bin; sourceTree = "<group>"; };
		D95ACAC72EF88F580091AED3 /* CMakeSystem.cmake */ = {isa = PBXFileReference; lastKnownFileType = text; path = CMakeSystem.cmake; sourceTree = "<group>"; };
		D95ACACA2EF88F580091AED3 /* ompver_C.bin */ = {isa = PBXFileReference; lastKnownFileType = archive.macbinary; path = ompver_C.bin; sourceTree = "<group>"; };
		D95ACACB2EF88F580091AED3 /* ompver_CXX.bin */ = {isa = PBXFileReference; lastKnownFileType = archive.macbinary; path = ompver_CXX.bin; sourceTree = "<group>"; };
		D95ACACD2EF88F580091AED3 /* FileHandler.cpp.o */ = {isa = PBXFileReference; lastKnownFileType = "compiled.mach-o.objfile"; path = FileHandler.cpp.o; sourceTree = "<group>"; };
		D95ACACE2EF88F580091AED3 /* FileHandler.cpp.o.d */ = {isa = PBXFileReference; lastKnownFileType = sourcecode.dtrace; path = FileHandler.cpp.o.d; sourceTree = "<group>"; };
		D95ACACF2EF88F580091AED3 /* Main.cpp.o */ = {isa = PBXFileReference; lastKnownFileType = "compiled.mach-o.objfile"; path = Main.cpp.o; sourceTree = "<group>"; };
		D95ACAD02EF88F580091AED3 /* Main.cpp.o.d */ = {isa = PBXFileReference; lastKnownFileType = sourcecode.dtrace; path = Main.cpp.o.d; sourceTree = "<group>"; };
		D95ACAD22EF88F580091AED3 /* build.make */ = {isa = PBXFileReference; lastKnownFileType = sourcecode.make; path = build.make; sourceTree = "<group>"; };
		D95ACAD32EF88F580091AED3 /* cmake_clean.cmake */ = {isa = PBXFileReference; lastKnownFileType = text; path = cmake_clean.cmake; sourceTree = "<group>"; };
		D95ACAD42EF88F580091AED3 /* compiler_depend.make */ = {isa = PBXFileReference; lastKnownFileType = sourcecode.make; path = compiler_depend.make; sourceTree = "<group>"; };
		D95ACAD52EF88F580091AED3 /* compiler_depend.ts */ = {isa = PBXFileReference; lastKnownFileType = sourcecode.typescript; path = compiler_depend.ts; sourceTree = "<group>"; };
		D95ACAD62EF88F580091AED3 /* depend.make */ = {isa = PBXFileReference; lastKnownFileType = sourcecode.make; path = depend.make; sourceTree = "<group>"; };
		D95ACAD72EF88F580091AED3 /* DependInfo.cmake */ = {isa = PBXFileReference; lastKnownFileType = text; path = DependInfo.cmake; sourceTree = "<group>"; };
		D95ACAD82EF88F580091AED3 /* flags.make */ = {isa = PBXFileReference; lastKnownFileType = sourcecode.make; path = flags.make; sourceTree = "<group>"; };
		D95ACAD92EF88F580091AED3 /* link.txt */ = {isa = PBXFileReference; lastKnownFileType = text; path = link.txt; sourceTree = "<group>"; };
		D95ACADA2EF88F580091AED3 /* progress.make */ = {isa = PBXFileReference; lastKnownFileType = sourcecode.make; path = progress.make; sourceTree = "<group>"; };
		D95ACADD2EF88F580091AED3 /* cmake.check_cache */ = {isa = PBXFileReference; lastKnownFileType = text; path = cmake.check_cache; sourceTree = "<group>"; };
		D95ACADE2EF88F580091AED3 /* CMakeConfigureLog.yaml */ = {isa = PBXFileReference; lastKnownFileType = text.yaml; path = CMakeConfigureLog.yaml; sourceTree = "<group>"; };
		D95ACADF2EF88F580091AED3 /* CMakeDirectoryInformation.cmake */ = {isa = PBXFileReference; lastKnownFileType = text; path = CMakeDirectoryInformation.cmake; sourceTree = "<group>"; };
		D95ACAE02EF88F580091AED3 /* InstallScripts.json */ = {isa = PBXFileReference; lastKnownFileType = text.json; path = InstallScripts.json; sourceTree = "<group>"; };
		D95ACAE12EF88F580091AED3 /* Makefile.cmake */ = {isa = PBXFileReference; lastKnownFileType = text; path = Makefile.cmake; sourceTree = "<group>"; };
		D95ACAE22EF88F580091AED3 /* Makefile2 */ = {isa = PBXFileReference; lastKnownFileType = text; path = Makefile2; sourceTree = "<group>"; };
		D95ACAE32EF88F580091AED3 /* progress.marks */ = {isa = PBXFileReference; lastKnownFileType = text; path = progress.marks; sourceTree = "<group>"; };
		D95ACAE42EF88F580091AED3 /* TargetDirectories.txt */ = {isa = PBXFileReference; lastKnownFileType = text; path = TargetDirectories.txt; sourceTree = "<group>"; };
		D95ACAE62EF88F580091AED3 /* cmake_install.cmake */ = {isa = PBXFileReference; lastKnownFileType = text; path = cmake_install.cmake; sourceTree = "<group>"; };
		D95ACAE72EF88F580091AED3 /* CMakeCache.txt */ = {isa = PBXFileReference; lastKnownFileType = text; path = CMakeCache.txt; sourceTree = "<group>"; };
		D95ACAE82EF88F580091AED3 /* imgclean */ = {isa = PBXFileReference; lastKnownFileType = "compiled.mach-o.executable"; path = imgclean; sourceTree = "<group>"; };
		D95ACAE92EF88F580091AED3 /* Makefile */ = {isa = PBXFileReference; lastKnownFileType = sourcecode.make; path = Makefile; sourceTree = "<group>"; };
		D95ACAEB2EF88F580091AED3 /* catch.hpp */ = {isa = PBXFileReference; lastKnownFileType = sourcecode.cpp.h; path = catch.hpp; sourceTree = "<group>"; };
		D95ACAEC2EF88F580091AED3 /* CMakeLists.txt */ = {isa = PBXFileReference; lastKnownFileType = text; path = CMakeLists.txt; sourceTree = "<group>"; };
		D95ACAEE2EF88F580091AED3 /* FileHandler.hpp */ = {isa = PBXFileReference; lastKnownFileType = sourcecode.cpp.h; path = FileHandler.hpp; sourceTree = "<group>"; };
		D95ACAEF2EF88F580091AED3 /* FilePath.hpp */ = {isa = PBXFileReference; lastKnownFileType = sourcecode.cpp.h; path = FilePath.hpp; sourceTree = "<group>"; };
		D95ACAF02EF88F580091AED3 /* ImageFormat.hpp */ = {isa = PBXFileReference; lastKnownFileType = sourcecode.cpp.h; path = ImageFormat.hpp; sourceTree = "<group>"; };
		D95ACAF12EF88F580091AED3 /* PPMImage.hpp */ = {isa = PBXFileReference; lastKnownFileType = sourcecode.cpp.h; path = PPMImage.hpp; sourceTree = "<group>"; };
		D95ACAF42EF88F580091AED3 /* 3x3-test.jpg */ = {isa = PBXFileReference; lastKnownFileType = image.jpeg; path = "3x3-test.jpg"; sourceTree = "<group>"; };
		D95ACAF52EF88F580091AED3 /* 3x3-test.png */ = {isa = PBXFileReference; lastKnownFileType = image.png; path = "3x3-test.png"; sourceTree = "<group>"; };
		D95ACAF62EF88F580091AED3 /* 3x3-test.ppm */ = {isa = PBXFileReference; lastKnownFileType = text; path = "3x3-test.ppm"; sourceTree = "<group>"; };
		D95ACAF72EF88F580091AED3 /* large-pic.jpg */ = {isa = PBXFileReference; lastKnownFileType = image.jpeg; path = "large-pic.jpg"; sourceTree = "<group>"; };
		D95ACAFA2EF88F580091AED3 /* FileHandler.cpp */ = {isa = PBXFileReference; lastKnownFileType = sourcecode.cpp.cpp; path = FileHandler.cpp; sourceTree = "<group>"; };
		D95ACAFB2EF88F580091AED3 /* Main.cpp */ = {isa = PBXFileReference; lastKnownFileType = sourcecode.cpp.cpp; path = Main.cpp; sourceTree = "<group>"; };
		D95ACAFD2EF88F580091AED3 /* FileHandler.test.cpp */ = {isa = PBXFileReference; lastKnownFileType = sourcecode.cpp.cpp; path = FileHandler.test.cpp; sourceTree = "<group>"; };
		D95ACAFE2EF88F580091AED3 /* Main.cpp */ = {isa = PBXFileReference; lastKnownFileType = sourcecode.cpp.cpp; path = Main.cpp; sourceTree = "<group>"; };
		D95ACB002EF88F580091AED3 /* .clang-format */ = {isa = PBXFileReference; lastKnownFileType = text; path = ".clang-format"; sourceTree = "<group>"; };
		D95ACB012EF88F580091AED3 /* .gitignore */ = {isa = PBXFileReference; lastKnownFileType = text; path = .gitignore; sourceTree = "<group>"; };
		D95ACB022EF88F580091AED3 /* build.sh */ = {isa = PBXFileReference; lastKnownFileType = text.script.sh; path = build.sh; sourceTree = "<group>"; };
		D95ACB032EF88F580091AED3 /* build-and-test.sh */ = {isa = PBXFileReference; lastKnownFileType = text.script.sh; path = "build-and-test.sh"; sourceTree = "<group>"; };
		D95ACB042EF88F580091AED3 /* CMakeLists.txt */ = {isa = PBXFileReference; lastKnownFileType = text; path = CMakeLists.txt; sourceTree = "<group>"; };
		D95ACB062EF88F580091AED3 /* .gitignore */ = {isa = PBXFileReference; lastKnownFileType = text; path = .gitignore; sourceTree = "<group>"; };
/* End PBXFileReference section */

/* Begin PBXFileSystemSynchronizedRootGroup section */
		D95ACA382EF8758E0091AED3 /* TextCleaner */ = {
			isa = PBXFileSystemSynchronizedRootGroup;
			path = TextCleaner;
			sourceTree = "<group>";
		};
		D95ACA482EF8758F0091AED3 /* TextCleanerTests */ = {
			isa = PBXFileSystemSynchronizedRootGroup;
			path = TextCleanerTests;
			sourceTree = "<group>";
		};
		D95ACA522EF8758F0091AED3 /* TextCleanerUITests */ = {
			isa = PBXFileSystemSynchronizedRootGroup;
			path = TextCleanerUITests;
			sourceTree = "<group>";
		};
/* End PBXFileSystemSynchronizedRootGroup section */

/* Begin PBXFrameworksBuildPhase section */
		D95ACA332EF8758E0091AED3 /* Frameworks */ = {
			isa = PBXFrameworksBuildPhase;
			buildActionMask = 2147483647;
			files = (
			);
			runOnlyForDeploymentPostprocessing = 0;
		};
		D95ACA422EF8758F0091AED3 /* Frameworks */ = {
			isa = PBXFrameworksBuildPhase;
			buildActionMask = 2147483647;
			files = (
			);
			runOnlyForDeploymentPostprocessing = 0;
		};
		D95ACA4C2EF8758F0091AED3 /* Frameworks */ = {
			isa = PBXFrameworksBuildPhase;
			buildActionMask = 2147483647;
			files = (
			);
			runOnlyForDeploymentPostprocessing = 0;
		};
/* End PBXFrameworksBuildPhase section */

/* Begin PBXGroup section */
		D95ACA2D2EF8758E0091AED3 = {
			isa = PBXGroup;
			children = (
				D95ACA382EF8758E0091AED3 /* TextCleaner */,
				D95ACA482EF8758F0091AED3 /* TextCleanerTests */,
				D95ACA522EF8758F0091AED3 /* TextCleanerUITests */,
				D95ACA372EF8758E0091AED3 /* Products */,
				D95ACB072EF88F580091AED3 /* imgclean */,
			);
			sourceTree = "<group>";
		};
		D95ACA372EF8758E0091AED3 /* Products */ = {
			isa = PBXGroup;
			children = (
				D95ACA362EF8758E0091AED3 /* TextCleaner.app */,
				D95ACA452EF8758F0091AED3 /* TextCleanerTests.xctest */,
				D95ACA4F2EF8758F0091AED3 /* TextCleanerUITests.xctest */,
			);
			name = Products;
			sourceTree = "<group>";
		};
		D95ACAB22EF88F580091AED3 /* workflows */ = {
			isa = PBXGroup;
			children = (
				D95ACAB12EF88F580091AED3 /* tests.yml */,
			);
			path = workflows;
			sourceTree = "<group>";
		};
		D95ACAB32EF88F580091AED3 /* .github */ = {
			isa = PBXGroup;
			children = (
				D95ACAB22EF88F580091AED3 /* workflows */,
			);
			path = .github;
			sourceTree = "<group>";
		};
		D95ACAB52EF88F580091AED3 /* graphics */ = {
			isa = PBXGroup;
			children = (
				D95ACAB42EF88F580091AED3 /* integer_sets.pdf */,
			);
			path = graphics;
			sourceTree = "<group>";
		};
		D95ACAB92EF88F580091AED3 /* paper */ = {
			isa = PBXGroup;
			children = (
				D95ACAB52EF88F580091AED3 /* graphics */,
				D95ACAB62EF88F580091AED3 /* literature.bib */,
				D95ACAB72EF88F580091AED3 /* paper.pdf */,
				D95ACAB82EF88F580091AED3 /* paper.tex */,
			);
			path = paper;
			sourceTree = "<group>";
		};
		D95ACABA2EF88F580091AED3 /* tmp */ = {
			isa = PBXGroup;
			children = (
			);
			path = tmp;
			sourceTree = "<group>";
		};
		D95ACABE2EF88F580091AED3 /* CompilerIdC */ = {
			isa = PBXGroup;
			children = (
				D95ACABA2EF88F580091AED3 /* tmp */,
				D95ACABB2EF88F580091AED3 /* a.out */,
				D95ACABC2EF88F580091AED3 /* apple-sdk.c */,
				D95ACABD2EF88F580091AED3 /* CMakeCCompilerId.c */,
			);
			path = CompilerIdC;
			sourceTree = "<group>";
		};
		D95ACABF2EF88F580091AED3 /* tmp */ = {
			isa = PBXGroup;
			children = (
			);
			path = tmp;
			sourceTree = "<group>";
		};
		D95ACAC22EF88F580091AED3 /* CompilerIdCXX */ = {
			isa = PBXGroup;
			children = (
				D95ACABF2EF88F580091AED3 /* tmp */,
				D95ACAC02EF88F580091AED3 /* a.out */,
				D95ACAC12EF88F580091AED3 /* CMakeCXXCompilerId.cpp */,
			);
			path = CompilerIdCXX;
			sourceTree = "<group>";
		};
		D95ACAC82EF88F580091AED3 /* 4.2.1 */ = {
			isa = PBXGroup;
			children = (
				D95ACABE2EF88F580091AED3 /* CompilerIdC */,
				D95ACAC22EF88F580091AED3 /* CompilerIdCXX */,
				D95ACAC32EF88F580091AED3 /* CMakeCCompiler.cmake */,
				D95ACAC42EF88F580091AED3 /* CMakeCXXCompiler.cmake */,
				D95ACAC52EF88F580091AED3 /* CMakeDetermineCompilerABI_C.bin */,
				D95ACAC62EF88F580091AED3 /* CMakeDetermineCompilerABI_CXX.bin */,
				D95ACAC72EF88F580091AED3 /* CMakeSystem.cmake */,
			);
			path = 4.2.1;
			sourceTree = "<group>";
		};
		D95ACAC92EF88F580091AED3 /* CMakeScratch */ = {
			isa = PBXGroup;
			children = (
			);
			path = CMakeScratch;
			sourceTree = "<group>";
		};
		D95ACACC2EF88F580091AED3 /* FindOpenMP */ = {
			isa = PBXGroup;
			children = (
				D95ACACA2EF88F580091AED3 /* ompver_C.bin */,
				D95ACACB2EF88F580091AED3 /* ompver_CXX.bin */,
			);
			path = FindOpenMP;
			sourceTree = "<group>";
		};
		D95ACAD12EF88F580091AED3 /* src */ = {
			isa = PBXGroup;
			children = (
				D95ACACD2EF88F580091AED3 /* FileHandler.cpp.o */,
				D95ACACE2EF88F580091AED3 /* FileHandler.cpp.o.d */,
				D95ACACF2EF88F580091AED3 /* Main.cpp.o */,
				D95ACAD02EF88F580091AED3 /* Main.cpp.o.d */,
			);
			path = src;
			sourceTree = "<group>";
		};
		D95ACADB2EF88F580091AED3 /* imgclean.dir */ = {
			isa = PBXGroup;
			children = (
				D95ACAD12EF88F580091AED3 /* src */,
				D95ACAD22EF88F580091AED3 /* build.make */,
				D95ACAD32EF88F580091AED3 /* cmake_clean.cmake */,
				D95ACAD42EF88F580091AED3 /* compiler_depend.make */,
				D95ACAD52EF88F580091AED3 /* compiler_depend.ts */,
				D95ACAD62EF88F580091AED3 /* depend.make */,
				D95ACAD72EF88F580091AED3 /* DependInfo.cmake */,
				D95ACAD82EF88F580091AED3 /* flags.make */,
				D95ACAD92EF88F580091AED3 /* link.txt */,
				D95ACADA2EF88F580091AED3 /* progress.make */,
			);
			path = imgclean.dir;
			sourceTree = "<group>";
		};
		D95ACADC2EF88F580091AED3 /* pkgRedirects */ = {
			isa = PBXGroup;
			children = (
			);
			path = pkgRedirects;
			sourceTree = "<group>";
		};
		D95ACAE52EF88F580091AED3 /* CMakeFiles */ = {
			isa = PBXGroup;
			children = (
				D95ACAC82EF88F580091AED3 /* 4.2.1 */,
				D95ACAC92EF88F580091AED3 /* CMakeScratch */,
				D95ACACC2EF88F580091AED3 /* FindOpenMP */,
				D95ACADB2EF88F580091AED3 /* imgclean.dir */,
				D95ACADC2EF88F580091AED3 /* pkgRedirects */,
				D95ACADD2EF88F580091AED3 /* cmake.check_cache */,
				D95ACADE2EF88F580091AED3 /* CMakeConfigureLog.yaml */,
				D95ACADF2EF88F580091AED3 /* CMakeDirectoryInformation.cmake */,
				D95ACAE02EF88F580091AED3 /* InstallScripts.json */,
				D95ACAE12EF88F580091AED3 /* Makefile.cmake */,
				D95ACAE22EF88F580091AED3 /* Makefile2 */,
				D95ACAE32EF88F580091AED3 /* progress.marks */,
				D95ACAE42EF88F580091AED3 /* TargetDirectories.txt */,
			);
			path = CMakeFiles;
			sourceTree = "<group>";
		};
		D95ACAEA2EF88F580091AED3 /* build */ = {
			isa = PBXGroup;
			children = (
				D95ACAE52EF88F580091AED3 /* CMakeFiles */,
				D95ACAE62EF88F580091AED3 /* cmake_install.cmake */,
				D95ACAE72EF88F580091AED3 /* CMakeCache.txt */,
				D95ACAE82EF88F580091AED3 /* imgclean */,
				D95ACAE92EF88F580091AED3 /* Makefile */,
			);
			path = build;
			sourceTree = "<group>";
		};
		D95ACAED2EF88F580091AED3 /* catch2 */ = {
			isa = PBXGroup;
			children = (
				D95ACAEB2EF88F580091AED3 /* catch.hpp */,
				D95ACAEC2EF88F580091AED3 /* CMakeLists.txt */,
			);
			path = catch2;
			sourceTree = "<group>";
		};
		D95ACAF22EF88F580091AED3 /* imgclean */ = {
			isa = PBXGroup;
			children = (
				D95ACAEE2EF88F580091AED3 /* FileHandler.hpp */,
				D95ACAEF2EF88F580091AED3 /* FilePath.hpp */,
				D95ACAF02EF88F580091AED3 /* ImageFormat.hpp */,
				D95ACAF12EF88F580091AED3 /* PPMImage.hpp */,
			);
			path = imgclean;
			sourceTree = "<group>";
		};
		D95ACAF32EF88F580091AED3 /* include */ = {
			isa = PBXGroup;
			children = (
				D95ACAED2EF88F580091AED3 /* catch2 */,
				D95ACAF22EF88F580091AED3 /* imgclean */,
			);
			path = include;
			sourceTree = "<group>";
		};
		D95ACAF82EF88F580091AED3 /* test */ = {
			isa = PBXGroup;
			children = (
				D95ACAF42EF88F580091AED3 /* 3x3-test.jpg */,
				D95ACAF52EF88F580091AED3 /* 3x3-test.png */,
				D95ACAF62EF88F580091AED3 /* 3x3-test.ppm */,
				D95ACAF72EF88F580091AED3 /* large-pic.jpg */,
			);
			path = test;
			sourceTree = "<group>";
		};
		D95ACAF92EF88F580091AED3 /* res */ = {
			isa = PBXGroup;
			children = (
				D95ACAF82EF88F580091AED3 /* test */,
			);
			path = res;
			sourceTree = "<group>";
		};
		D95ACAFC2EF88F580091AED3 /* src */ = {
			isa = PBXGroup;
			children = (
				D95ACAFA2EF88F580091AED3 /* FileHandler.cpp */,
				D95ACAFB2EF88F580091AED3 /* Main.cpp */,
			);
			path = src;
			sourceTree = "<group>";
		};
		D95ACAFF2EF88F580091AED3 /* test */ = {
			isa = PBXGroup;
			children = (
				D95ACAFD2EF88F580091AED3 /* FileHandler.test.cpp */,
				D95ACAFE2EF88F580091AED3 /* Main.cpp */,
			);
			path = test;
			sourceTree = "<group>";
		};
		D95ACB052EF88F580091AED3 /* project */ = {
			isa = PBXGroup;
			children = (
				D95ACAEA2EF88F580091AED3 /* build */,
				D95ACAF32EF88F580091AED3 /* include */,
				D95ACAF92EF88F580091AED3 /* res */,
				D95ACAFC2EF88F580091AED3 /* src */,
				D95ACAFF2EF88F580091AED3 /* test */,
				D95ACB002EF88F580091AED3 /* .clang-format */,
				D95ACB012EF88F580091AED3 /* .gitignore */,
				D95ACB022EF88F580091AED3 /* build.sh */,
				D95ACB032EF88F580091AED3 /* build-and-test.sh */,
				D95ACB042EF88F580091AED3 /* CMakeLists.txt */,
			);
			path = project;
			sourceTree = "<group>";
		};
		D95ACB072EF88F580091AED3 /* imgclean */ = {
			isa = PBXGroup;
			children = (
				D95ACAB32EF88F580091AED3 /* .github */,
				D95ACAB92EF88F580091AED3 /* paper */,
				D95ACB052EF88F580091AED3 /* project */,
				D95ACB062EF88F580091AED3 /* .gitignore */,
			);
			path = imgclean;
			sourceTree = "<group>";
		};
/* End PBXGroup section */

/* Begin PBXLegacyTarget section */
		D95ACAAB2EF888A10091AED3 /* imgclean */ = {
			isa = PBXLegacyTarget;
			buildArgumentsString = "-S '${SRCROOT}/imgclean/project' -B '${SRCROOT}/imgclean/project/build' -DCMAKE_BUILD_TYPE=Release";
			buildConfigurationList = D95ACAAC2EF888A10091AED3 /* Build configuration list for PBXLegacyTarget "imgclean" */;
			buildPhases = (
			);
			buildToolPath = /opt/homebrew/bin/cmake;
			buildWorkingDirectory = /Users/lpmg/Coding/TextCleaner/imgclean/project;
			dependencies = (
			);
			name = imgclean;
			packageProductDependencies = (
			);
			passBuildSettingsInEnvironment = 1;
			productName = imgclean;
		};
/* End PBXLegacyTarget section */

/* Begin PBXNativeTarget section */
		D95ACA352EF8758E0091AED3 /* TextCleaner */ = {
			isa = PBXNativeTarget;
			buildConfigurationList = D95ACA592EF8758F0091AED3 /* Build configuration list for PBXNativeTarget "TextCleaner" */;
			buildPhases = (
				D95ACA322EF8758E0091AED3 /* Sources */,
				D95ACA332EF8758E0091AED3 /* Frameworks */,
				D95ACA342EF8758E0091AED3 /* Resources */,
				D95ACAB02EF88EFC0091AED3 /* CopyFiles */,
			);
			buildRules = (
			);
			dependencies = (
			);
			fileSystemSynchronizedGroups = (
				D95ACA382EF8758E0091AED3 /* TextCleaner */,
			);
			name = TextCleaner;
			packageProductDependencies = (
			);
			productName = TextCleaner;
			productReference = D95ACA362EF8758E0091AED3 /* TextCleaner.app */;
			productType = "com.apple.product-type.application";
		};
		D95ACA442EF8758F0091AED3 /* TextCleanerTests */ = {
			isa = PBXNativeTarget;
			buildConfigurationList = D95ACA5C2EF8758F0091AED3 /* Build configuration list for PBXNativeTarget "TextCleanerTests" */;
			buildPhases = (
				D95ACA412EF8758F0091AED3 /* Sources */,
				D95ACA422EF8758F0091AED3 /* Frameworks */,
				D95ACA432EF8758F0091AED3 /* Resources */,
			);
			buildRules = (
			);
			dependencies = (
				D95ACA472EF8758F0091AED3 /* PBXTargetDependency */,
			);
			fileSystemSynchronizedGroups = (
				D95ACA482EF8758F0091AED3 /* TextCleanerTests */,
			);
			name = TextCleanerTests;
			packageProductDependencies = (
			);
			productName = TextCleanerTests;
			productReference = D95ACA452EF8758F0091AED3 /* TextCleanerTests.xctest */;
			productType = "com.apple.product-type.bundle.unit-test";
		};
		D95ACA4E2EF8758F0091AED3 /* TextCleanerUITests */ = {
			isa = PBXNativeTarget;
			buildConfigurationList = D95ACA5F2EF8758F0091AED3 /* Build configuration list for PBXNativeTarget "TextCleanerUITests" */;
			buildPhases = (
				D95ACA4B2EF8758F0091AED3 /* Sources */,
				D95ACA4C2EF8758F0091AED3 /* Frameworks */,
				D95ACA4D2EF8758F0091AED3 /* Resources */,
			);
			buildRules = (
			);
			dependencies = (
				D95ACA512EF8758F0091AED3 /* PBXTargetDependency */,
			);
			fileSystemSynchronizedGroups = (
				D95ACA522EF8758F0091AED3 /* TextCleanerUITests */,
			);
			name = TextCleanerUITests;
			packageProductDependencies = (
			);
			productName = TextCleanerUITests;
			productReference = D95ACA4F2EF8758F0091AED3 /* TextCleanerUITests.xctest */;
			productType = "com.apple.product-type.bundle.ui-testing";
		};
/* End PBXNativeTarget section */

/* Begin PBXProject section */
		D95ACA2E2EF8758E0091AED3 /* Project object */ = {
			isa = PBXProject;
			attributes = {
				BuildIndependentTargetsInParallel = 1;
				LastSwiftUpdateCheck = 2620;
				LastUpgradeCheck = 2620;
				TargetAttributes = {
					D95ACA352EF8758E0091AED3 = {
						CreatedOnToolsVersion = 26.2;
					};
					D95ACA442EF8758F0091AED3 = {
						CreatedOnToolsVersion = 26.2;
						TestTargetID = D95ACA352EF8758E0091AED3;
					};
					D95ACA4E2EF8758F0091AED3 = {
						CreatedOnToolsVersion = 26.2;
						TestTargetID = D95ACA352EF8758E0091AED3;
					};
					D95ACAAB2EF888A10091AED3 = {
						CreatedOnToolsVersion = 26.2;
					};
				};
			};
			buildConfigurationList = D95ACA312EF8758E0091AED3 /* Build configuration list for PBXProject "TextCleaner" */;
			developmentRegion = en;
			hasScannedForEncodings = 0;
			knownRegions = (
				en,
				Base,
			);
			mainGroup = D95ACA2D2EF8758E0091AED3;
			minimizedProjectReferenceProxies = 1;
			preferredProjectObjectVersion = 77;
			productRefGroup = D95ACA372EF8758E0091AED3 /* Products */;
			projectDirPath = "";
			projectRoot = "";
			targets = (
				D95ACA352EF8758E0091AED3 /* TextCleaner */,
				D95ACA442EF8758F0091AED3 /* TextCleanerTests */,
				D95ACA4E2EF8758F0091AED3 /* TextCleanerUITests */,
				D95ACAAB2EF888A10091AED3 /* imgclean */,
			);
		};
/* End PBXProject section */

/* Begin PBXResourcesBuildPhase section */
		D95ACA342EF8758E0091AED3 /* Resources */ = {
			isa = PBXResourcesBuildPhase;
			buildActionMask = 2147483647;
			files = (
			);
			runOnlyForDeploymentPostprocessing = 0;
		};
		D95ACA432EF8758F0091AED3 /* Resources */ = {
			isa = PBXResourcesBuildPhase;
			buildActionMask = 2147483647;
			files = (
			);
			runOnlyForDeploymentPostprocessing = 0;
		};
		D95ACA4D2EF8758F0091AED3 /* Resources */ = {
			isa = PBXResourcesBuildPhase;
			buildActionMask = 2147483647;
			files = (
			);
			runOnlyForDeploymentPostprocessing = 0;
		};
/* End PBXResourcesBuildPhase section */

/* Begin PBXSourcesBuildPhase section */
		D95ACA322EF8758E0091AED3 /* Sources */ = {
			isa = PBXSourcesBuildPhase;
			buildActionMask = 2147483647;
			files = (
			);
			runOnlyForDeploymentPostprocessing = 0;
		};
		D95ACA412EF8758F0091AED3 /* Sources */ = {
			isa = PBXSourcesBuildPhase;
			buildActionMask = 2147483647;
			files = (
			);
			runOnlyForDeploymentPostprocessing = 0;
		};
		D95ACA4B2EF8758F0091AED3 /* Sources */ = {
			isa = PBXSourcesBuildPhase;
			buildActionMask = 2147483647;
			files = (
			);
			runOnlyForDeploymentPostprocessing = 0;
		};
/* End PBXSourcesBuildPhase section */

/* Begin PBXTargetDependency section */
		D95ACA472EF8758F0091AED3 /* PBXTargetDependency */ = {
			isa = PBXTargetDependency;
			target = D95ACA352EF8758E0091AED3 /* TextCleaner */;
			targetProxy = D95ACA462EF8758F0091AED3 /* PBXContainerItemProxy */;
		};
		D95ACA512EF8758F0091AED3 /* PBXTargetDependency */ = {
			isa = PBXTargetDependency;
			target = D95ACA352EF8758E0091AED3 /* TextCleaner */;
			targetProxy = D95ACA502EF8758F0091AED3 /* PBXContainerItemProxy */;
		};
/* End PBXTargetDependency section */

/* Begin XCBuildConfiguration section */
		D95ACA572EF8758F0091AED3 /* Debug */ = {
			isa = XCBuildConfiguration;
			buildSettings = {
				ALWAYS_SEARCH_USER_PATHS = NO;
				ASSETCATALOG_COMPILER_GENERATE_SWIFT_ASSET_SYMBOL_EXTENSIONS = YES;
				CLANG_ANALYZER_NONNULL = YES;
				CLANG_ANALYZER_NUMBER_OBJECT_CONVERSION = YES_AGGRESSIVE;
				CLANG_CXX_LANGUAGE_STANDARD = "gnu++20";
				CLANG_ENABLE_MODULES = YES;
				CLANG_ENABLE_OBJC_ARC = YES;
				CLANG_ENABLE_OBJC_WEAK = YES;
				CLANG_WARN_BLOCK_CAPTURE_AUTORELEASING = YES;
				CLANG_WARN_BOOL_CONVERSION = YES;
				CLANG_WARN_COMMA = YES;
				CLANG_WARN_CONSTANT_CONVERSION = YES;
				CLANG_WARN_DEPRECATED_OBJC_IMPLEMENTATIONS = YES;
				CLANG_WARN_DIRECT_OBJC_ISA_USAGE = YES_ERROR;
				CLANG_WARN_DOCUMENTATION_COMMENTS = YES;
				CLANG_WARN_EMPTY_BODY = YES;
				CLANG_WARN_ENUM_CONVERSION = YES;
				CLANG_WARN_INFINITE_RECURSION = YES;
				CLANG_WARN_INT_CONVERSION = YES;
				CLANG_WARN_NON_LITERAL_NULL_CONVERSION = YES;
				CLANG_WARN_OBJC_IMPLICIT_RETAIN_SELF = YES;
				CLANG_WARN_OBJC_LITERAL_CONVERSION = YES;
				CLANG_WARN_OBJC_ROOT_CLASS = YES_ERROR;
				CLANG_WARN_QUOTED_INCLUDE_IN_FRAMEWORK_HEADER = YES;
				CLANG_WARN_RANGE_LOOP_ANALYSIS = YES;
				CLANG_WARN_STRICT_PROTOTYPES = YES;
				CLANG_WARN_SUSPICIOUS_MOVE = YES;
				CLANG_WARN_UNGUARDED_AVAILABILITY = YES_AGGRESSIVE;
				CLANG_WARN_UNREACHABLE_CODE = YES;
				CLANG_WARN__DUPLICATE_METHOD_MATCH = YES;
				COPY_PHASE_STRIP = NO;
				DEBUG_INFORMATION_FORMAT = dwarf;
				DEVELOPMENT_TEAM = 49QA7U9HVB;
				ENABLE_STRICT_OBJC_MSGSEND = YES;
				ENABLE_TESTABILITY = YES;
				ENABLE_USER_SCRIPT_SANDBOXING = YES;
				GCC_C_LANGUAGE_STANDARD = gnu17;
				GCC_DYNAMIC_NO_PIC = NO;
				GCC_NO_COMMON_BLOCKS = YES;
				GCC_OPTIMIZATION_LEVEL = 0;
				GCC_PREPROCESSOR_DEFINITIONS = (
					"DEBUG=1",
					"$(inherited)",
				);
				GCC_WARN_64_TO_32_BIT_CONVERSION = YES;
				GCC_WARN_ABOUT_RETURN_TYPE = YES_ERROR;
				GCC_WARN_UNDECLARED_SELECTOR = YES;
				GCC_WARN_UNINITIALIZED_AUTOS = YES_AGGRESSIVE;
				GCC_WARN_UNUSED_FUNCTION = YES;
				GCC_WARN_UNUSED_VARIABLE = YES;
				LOCALIZATION_PREFERS_STRING_CATALOGS = YES;
				MACOSX_DEPLOYMENT_TARGET = 26.2;
				MTL_ENABLE_DEBUG_INFO = INCLUDE_SOURCE;
				MTL_FAST_MATH = YES;
				ONLY_ACTIVE_ARCH = YES;
				SDKROOT = macosx;
				SWIFT_ACTIVE_COMPILATION_CONDITIONS = "DEBUG $(inherited)";
				SWIFT_OPTIMIZATION_LEVEL = "-Onone";
			};
			name = Debug;
		};
		D95ACA582EF8758F0091AED3 /* Release */ = {
			isa = XCBuildConfiguration;
			buildSettings = {
				ALWAYS_SEARCH_USER_PATHS = NO;
				ASSETCATALOG_COMPILER_GENERATE_SWIFT_ASSET_SYMBOL_EXTENSIONS = YES;
				CLANG_ANALYZER_NONNULL = YES;
				CLANG_ANALYZER_NUMBER_OBJECT_CONVERSION = YES_AGGRESSIVE;
				CLANG_CXX_LANGUAGE_STANDARD = "gnu++20";
				CLANG_ENABLE_MODULES = YES;
				CLANG_ENABLE_OBJC_ARC = YES;
				CLANG_ENABLE_OBJC_WEAK = YES;
				CLANG_WARN_BLOCK_CAPTURE_AUTORELEASING = YES;
				CLANG_WARN_BOOL_CONVERSION = YES;
				CLANG_WARN_COMMA = YES;
				CLANG_WARN_CONSTANT_CONVERSION = YES;
				CLANG_WARN_DEPRECATED_OBJC_IMPLEMENTATIONS = YES;
				CLANG_WARN_DIRECT_OBJC_ISA_USAGE = YES_ERROR;
				CLANG_WARN_DOCUMENTATION_COMMENTS = YES;
				CLANG_WARN_EMPTY_BODY = YES;
				CLANG_WARN_ENUM_CONVERSION = YES;
				CLANG_WARN_INFINITE_RECURSION = YES;
				CLANG_WARN_INT_CONVERSION = YES;
				CLANG_WARN_NON_LITERAL_NULL_CONVERSION = YES;
				CLANG_WARN_OBJC_IMPLICIT_RETAIN_SELF = YES;
				CLANG_WARN_OBJC_LITERAL_CONVERSION = YES;
				CLANG_WARN_OBJC_ROOT_CLASS = YES_ERROR;
				CLANG_WARN_QUOTED_INCLUDE_IN_FRAMEWORK_HEADER = YES;
				CLANG_WARN_RANGE_LOOP_ANALYSIS = YES;
				CLANG_WARN_STRICT_PROTOTYPES = YES;
				CLANG_WARN_SUSPICIOUS_MOVE = YES;
				CLANG_WARN_UNGUARDED_AVAILABILITY = YES_AGGRESSIVE;
				CLANG_WARN_UNREACHABLE_CODE = YES;
				CLANG_WARN__DUPLICATE_METHOD_MATCH = YES;
				COPY_PHASE_STRIP = NO;
				DEBUG_INFORMATION_FORMAT = "dwarf-with-dsym";
				DEVELOPMENT_TEAM = 49QA7U9HVB;
				ENABLE_NS_ASSERTIONS = NO;
				ENABLE_STRICT_OBJC_MSGSEND = YES;
				ENABLE_USER_SCRIPT_SANDBOXING = YES;
				GCC_C_LANGUAGE_STANDARD = gnu17;
				GCC_NO_COMMON_BLOCKS = YES;
				GCC_WARN_64_TO_32_BIT_CONVERSION = YES;
				GCC_WARN_ABOUT_RETURN_TYPE = YES_ERROR;
				GCC_WARN_UNDECLARED_SELECTOR = YES;
				GCC_WARN_UNINITIALIZED_AUTOS = YES_AGGRESSIVE;
				GCC_WARN_UNUSED_FUNCTION = YES;
				GCC_WARN_UNUSED_VARIABLE = YES;
				LOCALIZATION_PREFERS_STRING_CATALOGS = YES;
				MACOSX_DEPLOYMENT_TARGET = 26.2;
				MTL_ENABLE_DEBUG_INFO = NO;
				MTL_FAST_MATH = YES;
				SDKROOT = macosx;
				SWIFT_COMPILATION_MODE = wholemodule;
			};
			name = Release;
		};
		D95ACA5A2EF8758F0091AED3 /* Debug */ = {
			isa = XCBuildConfiguration;
			buildSettings = {
				ASSETCATALOG_COMPILER_APPICON_NAME = AppIcon;
				ASSETCATALOG_COMPILER_GLOBAL_ACCENT_COLOR_NAME = AccentColor;
				CODE_SIGN_STYLE = Automatic;
				COMBINE_HIDPI_IMAGES = YES;
				CURRENT_PROJECT_VERSION = 1;
				DEVELOPMENT_TEAM = 49QA7U9HVB;
				ENABLE_APP_SANDBOX = YES;
				ENABLE_HARDENED_RUNTIME = YES;
				ENABLE_PREVIEWS = YES;
				ENABLE_USER_SELECTED_FILES = readonly;
				GENERATE_INFOPLIST_FILE = YES;
				INFOPLIST_KEY_NSHumanReadableCopyright = "";
				LD_RUNPATH_SEARCH_PATHS = (
					"$(inherited)",
					"@executable_path/../Frameworks",
				);
				MARKETING_VERSION = 1.0;
				PRODUCT_BUNDLE_IDENTIFIER = xlpmg.TextCleaner;
				PRODUCT_NAME = "$(TARGET_NAME)";
				REGISTER_APP_GROUPS = YES;
				STRING_CATALOG_GENERATE_SYMBOLS = YES;
				SWIFT_APPROACHABLE_CONCURRENCY = YES;
				SWIFT_DEFAULT_ACTOR_ISOLATION = MainActor;
				SWIFT_EMIT_LOC_STRINGS = YES;
				SWIFT_UPCOMING_FEATURE_MEMBER_IMPORT_VISIBILITY = YES;
				SWIFT_VERSION = 5.0;
			};
			name = Debug;
		};
		D95ACA5B2EF8758F0091AED3 /* Release */ = {
			isa = XCBuildConfiguration;
			buildSettings = {
				ASSETCATALOG_COMPILER_APPICON_NAME = AppIcon;
				ASSETCATALOG_COMPILER_GLOBAL_ACCENT_COLOR_NAME = AccentColor;
				CODE_SIGN_STYLE = Automatic;
				COMBINE_HIDPI_IMAGES = YES;
				CURRENT_PROJECT_VERSION = 1;
				DEVELOPMENT_TEAM = 49QA7U9HVB;
				ENABLE_APP_SANDBOX = YES;
				ENABLE_HARDENED_RUNTIME = YES;
				ENABLE_PREVIEWS = YES;
				ENABLE_USER_SELECTED_FILES = readonly;
				GENERATE_INFOPLIST_FILE = YES;
				INFOPLIST_KEY_NSHumanReadableCopyright = "";
				LD_RUNPATH_SEARCH_PATHS = (
					"$(inherited)",
					"@executable_path/../Frameworks",
				);
				MARKETING_VERSION = 1.0;
				PRODUCT_BUNDLE_IDENTIFIER = xlpmg.TextCleaner;
				PRODUCT_NAME = "$(TARGET_NAME)";
				REGISTER_APP_GROUPS = YES;
				STRING_CATALOG_GENERATE_SYMBOLS = YES;
				SWIFT_APPROACHABLE_CONCURRENCY = YES;
				SWIFT_DEFAULT_ACTOR_ISOLATION = MainActor;
				SWIFT_EMIT_LOC_STRINGS = YES;
				SWIFT_UPCOMING_FEATURE_MEMBER_IMPORT_VISIBILITY = YES;
				SWIFT_VERSION = 5.0;
			};
			name = Release;
		};
		D95ACA5D2EF8758F0091AED3 /* Debug */ = {
			isa = XCBuildConfiguration;
			buildSettings = {
				BUNDLE_LOADER = "$(TEST_HOST)";
				CODE_SIGN_STYLE = Automatic;
				CURRENT_PROJECT_VERSION = 1;
				DEVELOPMENT_TEAM = 49QA7U9HVB;
				GENERATE_INFOPLIST_FILE = YES;
				MACOSX_DEPLOYMENT_TARGET = 26.2;
				MARKETING_VERSION = 1.0;
				PRODUCT_BUNDLE_IDENTIFIER = xlpmg.TextCleanerTests;
				PRODUCT_NAME = "$(TARGET_NAME)";
				STRING_CATALOG_GENERATE_SYMBOLS = NO;
				SWIFT_APPROACHABLE_CONCURRENCY = YES;
				SWIFT_EMIT_LOC_STRINGS = NO;
				SWIFT_UPCOMING_FEATURE_MEMBER_IMPORT_VISIBILITY = YES;
				SWIFT_VERSION = 5.0;
				TEST_HOST = "$(BUILT_PRODUCTS_DIR)/TextCleaner.app/$(BUNDLE_EXECUTABLE_FOLDER_PATH)/TextCleaner";
			};
			name = Debug;
		};
		D95ACA5E2EF8758F0091AED3 /* Release */ = {
			isa = XCBuildConfiguration;
			buildSettings = {
				BUNDLE_LOADER = "$(TEST_HOST)";
				CODE_SIGN_STYLE = Automatic;
				CURRENT_PROJECT_VERSION = 1;
				DEVELOPMENT_TEAM = 49QA7U9HVB;
				GENERATE_INFOPLIST_FILE = YES;
				MACOSX_DEPLOYMENT_TARGET = 26.2;
				MARKETING_VERSION = 1.0;
				PRODUCT_BUNDLE_IDENTIFIER = xlpmg.TextCleanerTests;
				PRODUCT_NAME = "$(TARGET_NAME)";
				STRING_CATALOG_GENERATE_SYMBOLS = NO;
				SWIFT_APPROACHABLE_CONCURRENCY = YES;
				SWIFT_EMIT_LOC_STRINGS = NO;
				SWIFT_UPCOMING_FEATURE_MEMBER_IMPORT_VISIBILITY = YES;
				SWIFT_VERSION = 5.0;
				TEST_HOST = "$(BUILT_PRODUCTS_DIR)/TextCleaner.app/$(BUNDLE_EXECUTABLE_FOLDER_PATH)/TextCleaner";
			};
			name = Release;
		};
		D95ACA602EF8758F0091AED3 /* Debug */ = {
			isa = XCBuildConfiguration;
			buildSettings = {
				CODE_SIGN_STYLE = Automatic;
				CURRENT_PROJECT_VERSION = 1;
				DEVELOPMENT_TEAM = 49QA7U9HVB;
				GENERATE_INFOPLIST_FILE = YES;
				MARKETING_VERSION = 1.0;
				PRODUCT_BUNDLE_IDENTIFIER = xlpmg.TextCleanerUITests;
				PRODUCT_NAME = "$(TARGET_NAME)";
				STRING_CATALOG_GENERATE_SYMBOLS = NO;
				SWIFT_APPROACHABLE_CONCURRENCY = YES;
				SWIFT_EMIT_LOC_STRINGS = NO;
				SWIFT_UPCOMING_FEATURE_MEMBER_IMPORT_VISIBILITY = YES;
				SWIFT_VERSION = 5.0;
				TEST_TARGET_NAME = TextCleaner;
			};
			name = Debug;
		};
		D95ACA612EF8758F0091AED3 /* Release */ = {
			isa = XCBuildConfiguration;
			buildSettings = {
				CODE_SIGN_STYLE = Automatic;
				CURRENT_PROJECT_VERSION = 1;
				DEVELOPMENT_TEAM = 49QA7U9HVB;
				GENERATE_INFOPLIST_FILE = YES;
				MARKETING_VERSION = 1.0;
				PRODUCT_BUNDLE_IDENTIFIER = xlpmg.TextCleanerUITests;
				PRODUCT_NAME = "$(TARGET_NAME)";
				STRING_CATALOG_GENERATE_SYMBOLS = NO;
				SWIFT_APPROACHABLE_CONCURRENCY = YES;
				SWIFT_EMIT_LOC_STRINGS = NO;
				SWIFT_UPCOMING_FEATURE_MEMBER_IMPORT_VISIBILITY = YES;
				SWIFT_VERSION = 5.0;
				TEST_TARGET_NAME = TextCleaner;
			};
			name = Release;
		};
		D95ACAAD2EF888A10091AED3 /* Debug */ = {
			isa = XCBuildConfiguration;
			buildSettings = {
				CODE_SIGN_STYLE = Automatic;
				DEBUGGING_SYMBOLS = YES;
				DEBUG_INFORMATION_FORMAT = dwarf;
				DEVELOPMENT_TEAM = 49QA7U9HVB;
				GCC_GENERATE_DEBUGGING_SYMBOLS = YES;
				GCC_OPTIMIZATION_LEVEL = 0;
				OTHER_CFLAGS = "";
				OTHER_LDFLAGS = "";
				PRODUCT_NAME = "$(TARGET_NAME)";
			};
			name = Debug;
		};
		D95ACAAE2EF888A10091AED3 /* Release */ = {
			isa = XCBuildConfiguration;
			buildSettings = {
				CODE_SIGN_STYLE = Automatic;
				DEBUG_INFORMATION_FORMAT = "dwarf-with-dsym";
				DEVELOPMENT_TEAM = 49QA7U9HVB;
				OTHER_CFLAGS = "";
				OTHER_LDFLAGS = "";
				PRODUCT_NAME = "$(TARGET_NAME)";
			};
			name = Release;
		};
/* End XCBuildConfiguration section */

/* Begin XCConfigurationList section */
		D95ACA312EF8758E0091AED3 /* Build configuration list for PBXProject "TextCleaner" */ = {
			isa = XCConfigurationList;
			buildConfigurations = (
				D95ACA572EF8758F0091AED3 /* Debug */,
				D95ACA582EF8758F0091AED3 /* Release */,
			);
			defaultConfigurationIsVisible = 0;
			defaultConfigurationName = Release;
		};
		D95ACA592EF8758F0091AED3 /* Build configuration list for PBXNativeTarget "TextCleaner" */ = {
			isa = XCConfigurationList;
			buildConfigurations = (
				D95ACA5A2EF8758F0091AED3 /* Debug */,
				D95ACA5B2EF8758F0091AED3 /* Release */,
			);
			defaultConfigurationIsVisible = 0;
			defaultConfigurationName = Release;
		};
		D95ACA5C2EF8758F0091AED3 /* Build configuration list for PBXNativeTarget "TextCleanerTests" */ = {
			isa = XCConfigurationList;
			buildConfigurations = (
				D95ACA5D2EF8758F0091AED3 /* Debug */,
				D95ACA5E2EF8758F0091AED3 /* Release */,
			);
			defaultConfigurationIsVisible = 0;
			defaultConfigurationName = Release;
		};
		D95ACA5F2EF8758F0091AED3 /* Build configuration list for PBXNativeTarget "TextCleanerUITests" */ = {
			isa = XCConfigurationList;
			buildConfigurations = (
				D95ACA602EF8758F0091AED3 /* Debug */,
				D95ACA612EF8758F0091AED3 /* Release */,
			);
			defaultConfigurationIsVisible = 0;
			defaultConfigurationName = Release;
		};
		D95ACAAC2EF888A10091AED3 /* Build configuration list for PBXLegacyTarget "imgclean" */ = {
			isa = XCConfigurationList;
			buildConfigurations = (
				D95ACAAD2EF888A10091AED3 /* Debug */,
				D95ACAAE2EF888A10091AED3 /* Release */,
			);
			defaultConfigurationIsVisible = 0;
			defaultConfigurationName = Release;
		};
/* End XCConfigurationList section */
	};
	rootObject = D95ACA2E2EF8758E0091AED3 /* Project object */;
}
